
Microsoft Visual Studio Solution File, Format Version 12.00
# Visual Studio Version 16
VisualStudioVersion = 16.0.31624.102
MinimumVisualStudioVersion = 10.0.40219.1
Project("{9A19103F-16F7-4668-BE54-9A1E7A4F7556}") = "ECom.API", "ECom.API.csproj", "{8C1E4BD3-59F8-49DE-B3B3-215314078C94}"
EndProject
Project("{2150E333-8FDC-42A3-9474-1A3956D46DE8}") = "src", "src", "{989CD691-9635-4271-9BB3-2B62B1882516}"
EndProject
Project("{2150E333-8FDC-42A3-9474-1A3956D46DE8}") = "microservices", "microservices", "{1D0845C2-A82B-41DC-8FF8-AA6EC292A21F}"
EndProject
Project("{2150E333-8FDC-42A3-9474-1A3956D46DE8}") = "application", "application", "{10311F04-91F6-4FFC-8351-8FC159783432}"
EndProject
Project("{2150E333-8FDC-42A3-9474-1A3956D46DE8}") = "data", "data", "{1AA1F839-EDDE-4C2A-9DB6-F44F9C95844A}"
EndProject
Project("{9A19103F-16F7-4668-BE54-9A1E7A4F7556}") = "Ecom.Application", "..\Ecom.Application\Ecom.Application.csproj", "{3A6D6FBA-7D15-4161-BC93-6FB5820E75D6}"
EndProject
Project("{9A19103F-16F7-4668-BE54-9A1E7A4F7556}") = "Ecom.Entities", "..\Ecom.Entities\Ecom.Entities.csproj", "{CF61A39A-A477-4D96-AC2A-0E204623ABDB}"
EndProject
Project("{9A19103F-16F7-4668-BE54-9A1E7A4F7556}") = "Ecom.DataAccess", "..\Ecom.DataAccess\Ecom.DataAccess.csproj", "{6C1A8C76-6CE0-4782-9A0B-F26CDB1A0C79}"
EndProject
Project("{2150E333-8FDC-42A3-9474-1A3956D46DE8}") = "client", "client", "{00C2D6E1-7FF3-4C5C-9DAC-67D0F790E28F}"
EndProject
Project("{9A19103F-16F7-4668-BE54-9A1E7A4F7556}") = "Ecom.Website", "..\Ecom.Website\Ecom.Website.csproj", "{11046521-9400-4C9D-ABF7-548E715F2D2A}"
EndProject
Global
	GlobalSection(SolutionConfigurationPlatforms) = preSolution
		Debug|Any CPU = Debug|Any CPU
		Release|Any CPU = Release|Any CPU
	EndGlobalSection
	GlobalSection(ProjectConfigurationPlatforms) = postSolution
		{8C1E4BD3-59F8-49DE-B3B3-215314078C94}.Debug|Any CPU.ActiveCfg = Debug|Any CPU
		{8C1E4BD3-59F8-49DE-B3B3-215314078C94}.Debug|Any CPU.Build.0 = Debug|Any CPU
		{8C1E4BD3-59F8-49DE-B3B3-215314078C94}.Release|Any CPU.ActiveCfg = Release|Any CPU
		{8C1E4BD3-59F8-49DE-B3B3-215314078C94}.Release|Any CPU.Build.0 = Release|Any CPU
		{3A6D6FBA-7D15-4161-BC93-6FB5820E75D6}.Debug|Any CPU.ActiveCfg = Debug|Any CPU
		{3A6D6FBA-7D15-4161-BC93-6FB5820E75D6}.Debug|Any CPU.Build.0 = Debug|Any CPU
		{3A6D6FBA-7D15-4161-BC93-6FB5820E75D6}.Release|Any CPU.ActiveCfg = Release|Any CPU
		{3A6D6FBA-7D15-4161-BC93-6FB5820E75D6}.Release|Any CPU.Build.0 = Release|Any CPU
		{CF61A39A-A477-4D96-AC2A-0E204623ABDB}.Debug|Any CPU.ActiveCfg = Debug|Any CPU
		{CF61A39A-A477-4D96-AC2A-0E204623ABDB}.Debug|Any CPU.Build.0 = Debug|Any CPU
		{CF61A39A-A477-4D96-AC2A-0E204623ABDB}.Release|Any CPU.ActiveCfg = Release|Any CPU
		{CF61A39A-A477-4D96-AC2A-0E204623ABDB}.Release|Any CPU.Build.0 = Release|Any CPU
		{6C1A8C76-6CE0-4782-9A0B-F26CDB1A0C79}.Debug|Any CPU.ActiveCfg = Debug|Any CPU
		{6C1A8C76-6CE0-4782-9A0B-F26CDB1A0C79}.Debug|Any CPU.Build.0 = Debug|Any CPU
		{6C1A8C76-6CE0-4782-9A0B-F26CDB1A0C79}.Release|Any CPU.ActiveCfg = Release|Any CPU
		{6C1A8C76-6CE0-4782-9A0B-F26CDB1A0C79}.Release|Any CPU.Build.0 = Release|Any CPU
		{11046521-9400-4C9D-ABF7-548E715F2D2A}.Debug|Any CPU.ActiveCfg = Debug|Any CPU
		{11046521-9400-4C9D-ABF7-548E715F2D2A}.Debug|Any CPU.Build.0 = Debug|Any CPU
		{11046521-9400-4C9D-ABF7-548E715F2D2A}.Release|Any CPU.ActiveCfg = Release|Any CPU
		{11046521-9400-4C9D-ABF7-548E715F2D2A}.Release|Any CPU.Build.0 = Release|Any CPU
	EndGlobalSection
	GlobalSection(SolutionProperties) = preSolution
		HideSolutionNode = FALSE
	EndGlobalSection
	GlobalSection(NestedProjects) = preSolution
		{8C1E4BD3-59F8-49DE-B3B3-215314078C94} = {1D0845C2-A82B-41DC-8FF8-AA6EC292A21F}
		{1D0845C2-A82B-41DC-8FF8-AA6EC292A21F} = {989CD691-9635-4271-9BB3-2B62B1882516}
		{10311F04-91F6-4FFC-8351-8FC159783432} = {989CD691-9635-4271-9BB3-2B62B1882516}
		{1AA1F839-EDDE-4C2A-9DB6-F44F9C95844A} = {989CD691-9635-4271-9BB3-2B62B1882516}
		{3A6D6FBA-7D15-4161-BC93-6FB5820E75D6} = {10311F04-91F6-4FFC-8351-8FC159783432}
		{CF61A39A-A477-4D96-AC2A-0E204623ABDB} = {1AA1F839-EDDE-4C2A-9DB6-F44F9C95844A}
		{6C1A8C76-6CE0-4782-9A0B-F26CDB1A0C79} = {1AA1F839-EDDE-4C2A-9DB6-F44F9C95844A}
		{00C2D6E1-7FF3-4C5C-9DAC-67D0F790E28F} = {989CD691-9635-4271-9BB3-2B62B1882516}
		{11046521-9400-4C9D-ABF7-548E715F2D2A} = {00C2D6E1-7FF3-4C5C-9DAC-67D0F790E28F}
	EndGlobalSection
	GlobalSection(ExtensibilityGlobals) = postSolution
		SolutionGuid = {DBA7FAEA-0931-4C06-83AC-BAB070EDC468}
	EndGlobalSection
EndGlobal
